
Microsoft Visual Studio Solution File, Format Version 12.00
# Visual Studio Version 16
VisualStudioVersion = 16.0.31702.278
MinimumVisualStudioVersion = 10.0.40219.1
Project("{FAE04EC0-301F-11D3-BF4B-00C04F79EFBC}") = "PredicateParameters", "PredicateParameters\PredicateParameters.csproj", "{EE23BA64-C5CF-4F3C-B48E-7D04D2FFB991}"
EndProject
Global
	GlobalSection(SolutionConfigurationPlatforms) = preSolution
		Debug|Any CPU = Debug|Any CPU
		Release|Any CPU = Release|Any CPU
	EndGlobalSection
	GlobalSection(ProjectConfigurationPlatforms) = postSolution
		{EE23BA64-C5CF-4F3C-B48E-7D04D2FFB991}.Debug|Any CPU.ActiveCfg = Debug|Any CPU
		{EE23BA64-C5CF-4F3C-B48E-7D04D2FFB991}.Debug|Any CPU.Build.0 = Debug|Any CPU
		{EE23BA64-C5CF-4F3C-B48E-7D04D2FFB991}.Release|Any CPU.ActiveCfg = Release|Any CPU
		{EE23BA64-C5CF-4F3C-B48E-7D04D2FFB991}.Release|Any CPU.Build.0 = Release|Any CPU
	EndGlobalSection
	GlobalSection(SolutionProperties) = preSolution
		HideSolutionNode = FALSE
	EndGlobalSection
	GlobalSection(ExtensibilityGlobals) = postSolution
		SolutionGuid = {F058956B-3789-41FD-9788-3795CE67A779}
	EndGlobalSection
EndGlobal
